
Microsoft Visual Studio Solution File, Format Version 12.00
# Visual Studio Version 17
VisualStudioVersion = 17.5.33516.290
MinimumVisualStudioVersion = 10.0.40219.1
Project("{9A19103F-16F7-4668-BE54-9A1E7A4F7556}") = "InMemoryApp.Web", "InMemoryApp.Web\InMemoryApp.Web.csproj", "{75DF5752-AD94-4B8C-874C-B957A1EA426C}"
EndProject
Project("{FAE04EC0-301F-11D3-BF4B-00C04F79EFBC}") = "IDistributedCacheRedisApp.Web", "IDistributedCacheRedisApp.Web\IDistributedCacheRedisApp.Web.csproj", "{4C6BE21E-9126-4C89-86D4-2612F65AF260}"
EndProject
Project("{FAE04EC0-301F-11D3-BF4B-00C04F79EFBC}") = "RedisExchangeAPI.Web", "RedisExchangeAPI.Web\RedisExchangeAPI.Web.csproj", "{F687ECEC-F732-4CB4-92D0-50C1952BFE7A}"
EndProject
Global
	GlobalSection(SolutionConfigurationPlatforms) = preSolution
		Debug|Any CPU = Debug|Any CPU
		Release|Any CPU = Release|Any CPU
	EndGlobalSection
	GlobalSection(ProjectConfigurationPlatforms) = postSolution
		{75DF5752-AD94-4B8C-874C-B957A1EA426C}.Debug|Any CPU.ActiveCfg = Debug|Any CPU
		{75DF5752-AD94-4B8C-874C-B957A1EA426C}.Debug|Any CPU.Build.0 = Debug|Any CPU
		{75DF5752-AD94-4B8C-874C-B957A1EA426C}.Release|Any CPU.ActiveCfg = Release|Any CPU
		{75DF5752-AD94-4B8C-874C-B957A1EA426C}.Release|Any CPU.Build.0 = Release|Any CPU
		{4C6BE21E-9126-4C89-86D4-2612F65AF260}.Debug|Any CPU.ActiveCfg = Debug|Any CPU
		{4C6BE21E-9126-4C89-86D4-2612F65AF260}.Debug|Any CPU.Build.0 = Debug|Any CPU
		{4C6BE21E-9126-4C89-86D4-2612F65AF260}.Release|Any CPU.ActiveCfg = Release|Any CPU
		{4C6BE21E-9126-4C89-86D4-2612F65AF260}.Release|Any CPU.Build.0 = Release|Any CPU
		{F687ECEC-F732-4CB4-92D0-50C1952BFE7A}.Debug|Any CPU.ActiveCfg = Debug|Any CPU
		{F687ECEC-F732-4CB4-92D0-50C1952BFE7A}.Debug|Any CPU.Build.0 = Debug|Any CPU
		{F687ECEC-F732-4CB4-92D0-50C1952BFE7A}.Release|Any CPU.ActiveCfg = Release|Any CPU
		{F687ECEC-F732-4CB4-92D0-50C1952BFE7A}.Release|Any CPU.Build.0 = Release|Any CPU
	EndGlobalSection
	GlobalSection(SolutionProperties) = preSolution
		HideSolutionNode = FALSE
	EndGlobalSection
	GlobalSection(ExtensibilityGlobals) = postSolution
		SolutionGuid = {A7CE03B3-841E-479E-81A7-26253F2C50D0}
	EndGlobalSection
EndGlobal
